
Microsoft Visual Studio Solution File, Format Version 12.00
# Visual Studio Version 16
VisualStudioVersion = 16.0.31129.286
MinimumVisualStudioVersion = 10.0.40219.1
Project("{FAE04EC0-301F-11D3-BF4B-00C04F79EFBC}") = "CosmosEvents", "CosmosEvents.csproj", "{4C558160-B34D-44B0-BD89-571D4B49F6A0}"
EndProject
Global
	GlobalSection(SolutionConfigurationPlatforms) = preSolution
		Debug|Any CPU = Debug|Any CPU
		Release|Any CPU = Release|Any CPU
	EndGlobalSection
	GlobalSection(ProjectConfigurationPlatforms) = postSolution
		{4C558160-B34D-44B0-BD89-571D4B49F6A0}.Debug|Any CPU.ActiveCfg = Debug|Any CPU
		{4C558160-B34D-44B0-BD89-571D4B49F6A0}.Debug|Any CPU.Build.0 = Debug|Any CPU
		{4C558160-B34D-44B0-BD89-571D4B49F6A0}.Release|Any CPU.ActiveCfg = Release|Any CPU
		{4C558160-B34D-44B0-BD89-571D4B49F6A0}.Release|Any CPU.Build.0 = Release|Any CPU
	EndGlobalSection
	GlobalSection(SolutionProperties) = preSolution
		HideSolutionNode = FALSE
	EndGlobalSection
	GlobalSection(ExtensibilityGlobals) = postSolution
		SolutionGuid = {001FDE57-F110-4697-ABF8-AFB37DF61373}
	EndGlobalSection
EndGlobal
